
Microsoft Visual Studio Solution File, Format Version 12.00
# Visual Studio Version 16
VisualStudioVersion = 16.0.30907.101
MinimumVisualStudioVersion = 10.0.40219.1
Project("{FAE04EC0-301F-11D3-BF4B-00C04F79EFBC}") = "260120211", "260120211\260120211.csproj", "{D71D5698-E5C6-473F-9B4F-854CEFDC1067}"
EndProject
Global
	GlobalSection(SolutionConfigurationPlatforms) = preSolution
		Debug|Any CPU = Debug|Any CPU
		Release|Any CPU = Release|Any CPU
	EndGlobalSection
	GlobalSection(ProjectConfigurationPlatforms) = postSolution
		{D71D5698-E5C6-473F-9B4F-854CEFDC1067}.Debug|Any CPU.ActiveCfg = Debug|Any CPU
		{D71D5698-E5C6-473F-9B4F-854CEFDC1067}.Debug|Any CPU.Build.0 = Debug|Any CPU
		{D71D5698-E5C6-473F-9B4F-854CEFDC1067}.Release|Any CPU.ActiveCfg = Release|Any CPU
		{D71D5698-E5C6-473F-9B4F-854CEFDC1067}.Release|Any CPU.Build.0 = Release|Any CPU
	EndGlobalSection
	GlobalSection(SolutionProperties) = preSolution
		HideSolutionNode = FALSE
	EndGlobalSection
	GlobalSection(ExtensibilityGlobals) = postSolution
		SolutionGuid = {9DBE78F8-EF92-42D0-89EA-128C2A416BCE}
	EndGlobalSection
EndGlobal
